// !$*UTF8*$!
{
	archiveVersion = 1;
	classes = {
	};
	objectVersion = 50;
	objects = {

/* Begin PBXBuildFile section */
		0B6196BFFF4E0101CFC41C81 /* Pods_ExpandCollectionHeaderViewAnimationSample.framework in Frameworks */ = {isa = PBXBuildFile; fileRef = 115E903E3542D8CBF3D700BF /* Pods_ExpandCollectionHeaderViewAnimationSample.framework */; };
		60D31ED420BAF60E00DD9E2D /* AppDelegate.swift in Sources */ = {isa = PBXBuildFile; fileRef = 60D31ED320BAF60E00DD9E2D /* AppDelegate.swift */; };
		60D31ED620BAF60E00DD9E2D /* ViewController.swift in Sources */ = {isa = PBXBuildFile; fileRef = 60D31ED520BAF60E00DD9E2D /* ViewController.swift */; };
		60D31ED920BAF60E00DD9E2D /* Main.storyboard in Resources */ = {isa = PBXBuildFile; fileRef = 60D31ED720BAF60E00DD9E2D /* Main.storyboard */; };
		60D31EDB20BAF60F00DD9E2D /* Assets.xcassets in Resources */ = {isa = PBXBuildFile; fileRef = 60D31EDA20BAF60F00DD9E2D /* Assets.xcassets */; };
		60D31EDE20BAF60F00DD9E2D /* LaunchScreen.storyboard in Resources */ = {isa = PBXBuildFile; fileRef = 60D31EDC20BAF60F00DD9E2D /* LaunchScreen.storyboard */; };
		60D31EE820BAF67800DD9E2D /* CategoryHeaderView.swift in Sources */ = {isa = PBXBuildFile; fileRef = 60D31EE720BAF67800DD9E2D /* CategoryHeaderView.swift */; };
		60D31EEA20BAF8B600DD9E2D /* CategoryItemCell.swift in Sources */ = {isa = PBXBuildFile; fileRef = 60D31EE920BAF8B600DD9E2D /* CategoryItemCell.swift */; };
		60D31EEC20BAF90C00DD9E2D /* ExtraHeaderCell.swift in Sources */ = {isa = PBXBuildFile; fileRef = 60D31EEB20BAF90C00DD9E2D /* ExtraHeaderCell.swift */; };
		60D31EEF20BB07D800DD9E2D /* Category.swift in Sources */ = {isa = PBXBuildFile; fileRef = 60D31EEE20BB07D800DD9E2D /* Category.swift */; };
		60D31EF220BB081100DD9E2D /* CategoryService.swift in Sources */ = {isa = PBXBuildFile; fileRef = 60D31EF120BB081100DD9E2D /* CategoryService.swift */; };
		60D31EF420BB0DD300DD9E2D /* CategoryFooterView.swift in Sources */ = {isa = PBXBuildFile; fileRef = 60D31EF320BB0DD300DD9E2D /* CategoryFooterView.swift */; };
/* End PBXBuildFile section */

/* Begin PBXFileReference section */
		115E903E3542D8CBF3D700BF /* Pods_ExpandCollectionHeaderViewAnimationSample.framework */ = {isa = PBXFileReference; explicitFileType = wrapper.framework; includeInIndex = 0; path = Pods_ExpandCollectionHeaderViewAnimationSample.framework; sourceTree = BUILT_PRODUCTS_DIR; };
		2306EBE4B45BB2CF58D40331 /* Pods-ExpandTableHeaderViewAnimationTest.release.xcconfig */ = {isa = PBXFileReference; includeInIndex = 1; lastKnownFileType = text.xcconfig; name = "Pods-ExpandTableHeaderViewAnimationTest.release.xcconfig"; path = "Pods/Target Support Files/Pods-ExpandTableHeaderViewAnimationTest/Pods-ExpandTableHeaderViewAnimationTest.release.xcconfig"; sourceTree = "<group>"; };
		484DBCF780089EBCB5D8A8A5 /* Pods-ExpandTableHeaderViewAnimationTest.debug.xcconfig */ = {isa = PBXFileReference; includeInIndex = 1; lastKnownFileType = text.xcconfig; name = "Pods-ExpandTableHeaderViewAnimationTest.debug.xcconfig"; path = "Pods/Target Support Files/Pods-ExpandTableHeaderViewAnimationTest/Pods-ExpandTableHeaderViewAnimationTest.debug.xcconfig"; sourceTree = "<group>"; };
		60D31ED020BAF60E00DD9E2D /* ExpandCollectionHeaderViewAnimationSample.app */ = {isa = PBXFileReference; explicitFileType = wrapper.application; includeInIndex = 0; path = ExpandCollectionHeaderViewAnimationSample.app; sourceTree = BUILT_PRODUCTS_DIR; };
		60D31ED320BAF60E00DD9E2D /* AppDelegate.swift */ = {isa = PBXFileReference; lastKnownFileType = sourcecode.swift; path = AppDelegate.swift; sourceTree = "<group>"; };
		60D31ED520BAF60E00DD9E2D /* ViewController.swift */ = {isa = PBXFileReference; lastKnownFileType = sourcecode.swift; path = ViewController.swift; sourceTree = "<group>"; };
		60D31ED820BAF60E00DD9E2D /* Base */ = {isa = PBXFileReference; lastKnownFileType = file.storyboard; name = Base; path = Base.lproj/Main.storyboard; sourceTree = "<group>"; };
		60D31EDA20BAF60F00DD9E2D /* Assets.xcassets */ = {isa = PBXFileReference; lastKnownFileType = folder.assetcatalog; path = Assets.xcassets; sourceTree = "<group>"; };
		60D31EDD20BAF60F00DD9E2D /* Base */ = {isa = PBXFileReference; lastKnownFileType = file.storyboard; name = Base; path = Base.lproj/LaunchScreen.storyboard; sourceTree = "<group>"; };
		60D31EDF20BAF60F00DD9E2D /* Info.plist */ = {isa = PBXFileReference; lastKnownFileType = text.plist.xml; path = Info.plist; sourceTree = "<group>"; };
		60D31EE720BAF67800DD9E2D /* CategoryHeaderView.swift */ = {isa = PBXFileReference; lastKnownFileType = sourcecode.swift; path = CategoryHeaderView.swift; sourceTree = "<group>"; };
		60D31EE920BAF8B600DD9E2D /* CategoryItemCell.swift */ = {isa = PBXFileReference; lastKnownFileType = sourcecode.swift; path = CategoryItemCell.swift; sourceTree = "<group>"; };
		60D31EEB20BAF90C00DD9E2D /* ExtraHeaderCell.swift */ = {isa = PBXFileReference; lastKnownFileType = sourcecode.swift; path = ExtraHeaderCell.swift; sourceTree = "<group>"; };
		60D31EEE20BB07D800DD9E2D /* Category.swift */ = {isa = PBXFileReference; lastKnownFileType = sourcecode.swift; path = Category.swift; sourceTree = "<group>"; };
		60D31EF120BB081100DD9E2D /* CategoryService.swift */ = {isa = PBXFileReference; lastKnownFileType = sourcecode.swift; path = CategoryService.swift; sourceTree = "<group>"; };
		60D31EF320BB0DD300DD9E2D /* CategoryFooterView.swift */ = {isa = PBXFileReference; lastKnownFileType = sourcecode.swift; path = CategoryFooterView.swift; sourceTree = "<group>"; };
		678C1E531F8C43A2CB5E0F77 /* Pods-ExpandCollectionHeaderViewAnimationSample.debug.xcconfig */ = {isa = PBXFileReference; includeInIndex = 1; lastKnownFileType = text.xcconfig; name = "Pods-ExpandCollectionHeaderViewAnimationSample.debug.xcconfig"; path = "Pods/Target Support Files/Pods-ExpandCollectionHeaderViewAnimationSample/Pods-ExpandCollectionHeaderViewAnimationSample.debug.xcconfig"; sourceTree = "<group>"; };
		DDC65360E2AD520D4ED2BEBA /* Pods-ExpandCollectionHeaderViewAnimationSample.release.xcconfig */ = {isa = PBXFileReference; includeInIndex = 1; lastKnownFileType = text.xcconfig; name = "Pods-ExpandCollectionHeaderViewAnimationSample.release.xcconfig"; path = "Pods/Target Support Files/Pods-ExpandCollectionHeaderViewAnimationSample/Pods-ExpandCollectionHeaderViewAnimationSample.release.xcconfig"; sourceTree = "<group>"; };
/* End PBXFileReference section */

/* Begin PBXFrameworksBuildPhase section */
		60D31ECD20BAF60E00DD9E2D /* Frameworks */ = {
			isa = PBXFrameworksBuildPhase;
			buildActionMask = 2147483647;
			files = (
				0B6196BFFF4E0101CFC41C81 /* Pods_ExpandCollectionHeaderViewAnimationSample.framework in Frameworks */,
			);
			runOnlyForDeploymentPostprocessing = 0;
		};
/* End PBXFrameworksBuildPhase section */

/* Begin PBXGroup section */
		60D31EC720BAF60E00DD9E2D = {
			isa = PBXGroup;
			children = (
				60D31ED220BAF60E00DD9E2D /* ExpandCollectionHeaderViewAnimationSample */,
				60D31ED120BAF60E00DD9E2D /* Products */,
				947633B38ED44DAC8BD4DF16 /* Pods */,
				E26C7135C6AEB23603A4BB53 /* Frameworks */,
			);
			sourceTree = "<group>";
		};
		60D31ED120BAF60E00DD9E2D /* Products */ = {
			isa = PBXGroup;
			children = (
				60D31ED020BAF60E00DD9E2D /* ExpandCollectionHeaderViewAnimationSample.app */,
			);
			name = Products;
			sourceTree = "<group>";
		};
		60D31ED220BAF60E00DD9E2D /* ExpandCollectionHeaderViewAnimationSample */ = {
			isa = PBXGroup;
			children = (
				60D31ED320BAF60E00DD9E2D /* AppDelegate.swift */,
				60D31ED520BAF60E00DD9E2D /* ViewController.swift */,
				60D31EF020BB080000DD9E2D /* Service */,
				60D31EED20BB07CE00DD9E2D /* Model */,
				60D31EE520BAF62A00DD9E2D /* Cell */,
				60D31ED720BAF60E00DD9E2D /* Main.storyboard */,
				60D31EDA20BAF60F00DD9E2D /* Assets.xcassets */,
				60D31EDC20BAF60F00DD9E2D /* LaunchScreen.storyboard */,
				60D31EDF20BAF60F00DD9E2D /* Info.plist */,
			);
			path = ExpandCollectionHeaderViewAnimationSample;
			sourceTree = "<group>";
		};
		60D31EE520BAF62A00DD9E2D /* Cell */ = {
			isa = PBXGroup;
			children = (
				60D31EEB20BAF90C00DD9E2D /* ExtraHeaderCell.swift */,
				60D31EE720BAF67800DD9E2D /* CategoryHeaderView.swift */,
				60D31EE920BAF8B600DD9E2D /* CategoryItemCell.swift */,
				60D31EF320BB0DD300DD9E2D /* CategoryFooterView.swift */,
			);
			path = Cell;
			sourceTree = "<group>";
		};
		60D31EED20BB07CE00DD9E2D /* Model */ = {
			isa = PBXGroup;
			children = (
				60D31EEE20BB07D800DD9E2D /* Category.swift */,
			);
			path = Model;
			sourceTree = "<group>";
		};
		60D31EF020BB080000DD9E2D /* Service */ = {
			isa = PBXGroup;
			children = (
				60D31EF120BB081100DD9E2D /* CategoryService.swift */,
			);
			path = Service;
			sourceTree = "<group>";
		};
		947633B38ED44DAC8BD4DF16 /* Pods */ = {
			isa = PBXGroup;
			children = (
				484DBCF780089EBCB5D8A8A5 /* Pods-ExpandTableHeaderViewAnimationTest.debug.xcconfig */,
				2306EBE4B45BB2CF58D40331 /* Pods-ExpandTableHeaderViewAnimationTest.release.xcconfig */,
				678C1E531F8C43A2CB5E0F77 /* Pods-ExpandCollectionHeaderViewAnimationSample.debug.xcconfig */,
				DDC65360E2AD520D4ED2BEBA /* Pods-ExpandCollectionHeaderViewAnimationSample.release.xcconfig */,
			);
			name = Pods;
			sourceTree = "<group>";
		};
		E26C7135C6AEB23603A4BB53 /* Frameworks */ = {
			isa = PBXGroup;
			children = (
				115E903E3542D8CBF3D700BF /* Pods_ExpandCollectionHeaderViewAnimationSample.framework */,
			);
			name = Frameworks;
			sourceTree = "<group>";
		};
/* End PBXGroup section */

/* Begin PBXNativeTarget section */
		60D31ECF20BAF60E00DD9E2D /* ExpandCollectionHeaderViewAnimationSample */ = {
			isa = PBXNativeTarget;
			buildConfigurationList = 60D31EE220BAF60F00DD9E2D /* Build configuration list for PBXNativeTarget "ExpandCollectionHeaderViewAnimationSample" */;
			buildPhases = (
				99842136B23ADAC006B8ADD2 /* [CP] Check Pods Manifest.lock */,
				60D31ECC20BAF60E00DD9E2D /* Sources */,
				60D31ECD20BAF60E00DD9E2D /* Frameworks */,
				60D31ECE20BAF60E00DD9E2D /* Resources */,
				ECA8366E32820CFEB048B91A /* [CP] Embed Pods Frameworks */,
			);
			buildRules = (
			);
			dependencies = (
			);
			name = ExpandCollectionHeaderViewAnimationSample;
			productName = ExpandTableHeaderViewAnimationTest;
			productReference = 60D31ED020BAF60E00DD9E2D /* ExpandCollectionHeaderViewAnimationSample.app */;
			productType = "com.apple.product-type.application";
		};
/* End PBXNativeTarget section */

/* Begin PBXProject section */
		60D31EC820BAF60E00DD9E2D /* Project object */ = {
			isa = PBXProject;
			attributes = {
				LastSwiftUpdateCheck = 0930;
				LastUpgradeCheck = 0930;
				ORGANIZATIONNAME = "윤중현";
				TargetAttributes = {
					60D31ECF20BAF60E00DD9E2D = {
						CreatedOnToolsVersion = 9.3;
					};
				};
			};
			buildConfigurationList = 60D31ECB20BAF60E00DD9E2D /* Build configuration list for PBXProject "ExpandCollectionHeaderViewAnimationSample" */;
			compatibilityVersion = "Xcode 9.3";
			developmentRegion = en;
			hasScannedForEncodings = 0;
			knownRegions = (
				en,
				Base,
			);
			mainGroup = 60D31EC720BAF60E00DD9E2D;
			productRefGroup = 60D31ED120BAF60E00DD9E2D /* Products */;
			projectDirPath = "";
			projectRoot = "";
			targets = (
				60D31ECF20BAF60E00DD9E2D /* ExpandCollectionHeaderViewAnimationSample */,
			);
		};
/* End PBXProject section */

/* Begin PBXResourcesBuildPhase section */
		60D31ECE20BAF60E00DD9E2D /* Resources */ = {
			isa = PBXResourcesBuildPhase;
			buildActionMask = 2147483647;
			files = (
				60D31EDE20BAF60F00DD9E2D /* LaunchScreen.storyboard in Resources */,
				60D31EDB20BAF60F00DD9E2D /* Assets.xcassets in Resources */,
				60D31ED920BAF60E00DD9E2D /* Main.storyboard in Resources */,
			);
			runOnlyForDeploymentPostprocessing = 0;
		};
/* End PBXResourcesBuildPhase section */

/* Begin PBXShellScriptBuildPhase section */
		99842136B23ADAC006B8ADD2 /* [CP] Check Pods Manifest.lock */ = {
			isa = PBXShellScriptBuildPhase;
			buildActionMask = 2147483647;
			files = (
			);
			inputPaths = (
				"${PODS_PODFILE_DIR_PATH}/Podfile.lock",
				"${PODS_ROOT}/Manifest.lock",
			);
			name = "[CP] Check Pods Manifest.lock";
			outputPaths = (
				"$(DERIVED_FILE_DIR)/Pods-ExpandCollectionHeaderViewAnimationSample-checkManifestLockResult.txt",
			);
			runOnlyForDeploymentPostprocessing = 0;
			shellPath = /bin/sh;
			shellScript = "diff \"${PODS_PODFILE_DIR_PATH}/Podfile.lock\" \"${PODS_ROOT}/Manifest.lock\" > /dev/null\nif [ $? != 0 ] ; then\n    # print error to STDERR\n    echo \"error: The sandbox is not in sync with the Podfile.lock. Run 'pod install' or update your CocoaPods installation.\" >&2\n    exit 1\nfi\n# This output is used by Xcode 'outputs' to avoid re-running this script phase.\necho \"SUCCESS\" > \"${SCRIPT_OUTPUT_FILE_0}\"\n";
			showEnvVarsInLog = 0;
		};
		ECA8366E32820CFEB048B91A /* [CP] Embed Pods Frameworks */ = {
			isa = PBXShellScriptBuildPhase;
			buildActionMask = 2147483647;
			files = (
			);
			inputPaths = (
				"${SRCROOT}/Pods/Target Support Files/Pods-ExpandCollectionHeaderViewAnimationSample/Pods-ExpandCollectionHeaderViewAnimationSample-frameworks.sh",
				"${BUILT_PRODUCTS_DIR}/SnapKit/SnapKit.framework",
			);
			name = "[CP] Embed Pods Frameworks";
			outputPaths = (
				"${TARGET_BUILD_DIR}/${FRAMEWORKS_FOLDER_PATH}/SnapKit.framework",
			);
			runOnlyForDeploymentPostprocessing = 0;
			shellPath = /bin/sh;
			shellScript = "\"${SRCROOT}/Pods/Target Support Files/Pods-ExpandCollectionHeaderViewAnimationSample/Pods-ExpandCollectionHeaderViewAnimationSample-frameworks.sh\"\n";
			showEnvVarsInLog = 0;
		};
/* End PBXShellScriptBuildPhase section */

/* Begin PBXSourcesBuildPhase section */
		60D31ECC20BAF60E00DD9E2D /* Sources */ = {
			isa = PBXSourcesBuildPhase;
			buildActionMask = 2147483647;
			files = (
				60D31ED620BAF60E00DD9E2D /* ViewController.swift in Sources */,
				60D31EE820BAF67800DD9E2D /* CategoryHeaderView.swift in Sources */,
				60D31EEA20BAF8B600DD9E2D /* CategoryItemCell.swift in Sources */,
				60D31EF420BB0DD300DD9E2D /* CategoryFooterView.swift in Sources */,
				60D31EF220BB081100DD9E2D /* CategoryService.swift in Sources */,
				60D31EEC20BAF90C00DD9E2D /* ExtraHeaderCell.swift in Sources */,
				60D31ED420BAF60E00DD9E2D /* AppDelegate.swift in Sources */,
				60D31EEF20BB07D800DD9E2D /* Category.swift in Sources */,
			);
			runOnlyForDeploymentPostprocessing = 0;
		};
/* End PBXSourcesBuildPhase section */

/* Begin PBXVariantGroup section */
		60D31ED720BAF60E00DD9E2D /* Main.storyboard */ = {
			isa = PBXVariantGroup;
			children = (
				60D31ED820BAF60E00DD9E2D /* Base */,
			);
			name = Main.storyboard;
			sourceTree = "<group>";
		};
		60D31EDC20BAF60F00DD9E2D /* LaunchScreen.storyboard */ = {
			isa = PBXVariantGroup;
			children = (
				60D31EDD20BAF60F00DD9E2D /* Base */,
			);
			name = LaunchScreen.storyboard;
			sourceTree = "<group>";
		};
/* End PBXVariantGroup section */

/* Begin XCBuildConfiguration section */
		60D31EE020BAF60F00DD9E2D /* Debug */ = {
			isa = XCBuildConfiguration;
			buildSettings = {
				ALWAYS_SEARCH_USER_PATHS = NO;
				CLANG_ANALYZER_NONNULL = YES;
				CLANG_ANALYZER_NUMBER_OBJECT_CONVERSION = YES_AGGRESSIVE;
				CLANG_CXX_LANGUAGE_STANDARD = "gnu++14";
				CLANG_CXX_LIBRARY = "libc++";
				CLANG_ENABLE_MODULES = YES;
				CLANG_ENABLE_OBJC_ARC = YES;
				CLANG_ENABLE_OBJC_WEAK = YES;
				CLANG_WARN_BLOCK_CAPTURE_AUTORELEASING = YES;
				CLANG_WARN_BOOL_CONVERSION = YES;
				CLANG_WARN_COMMA = YES;
				CLANG_WARN_CONSTANT_CONVERSION = YES;
				CLANG_WARN_DEPRECATED_OBJC_IMPLEMENTATIONS = YES;
				CLANG_WARN_DIRECT_OBJC_ISA_USAGE = YES_ERROR;
				CLANG_WARN_DOCUMENTATION_COMMENTS = YES;
				CLANG_WARN_EMPTY_BODY = YES;
				CLANG_WARN_ENUM_CONVERSION = YES;
				CLANG_WARN_INFINITE_RECURSION = YES;
				CLANG_WARN_INT_CONVERSION = YES;
				CLANG_WARN_NON_LITERAL_NULL_CONVERSION = YES;
				CLANG_WARN_OBJC_IMPLICIT_RETAIN_SELF = YES;
				CLANG_WARN_OBJC_LITERAL_CONVERSION = YES;
				CLANG_WARN_OBJC_ROOT_CLASS = YES_ERROR;
				CLANG_WARN_RANGE_LOOP_ANALYSIS = YES;
				CLANG_WARN_STRICT_PROTOTYPES = YES;
				CLANG_WARN_SUSPICIOUS_MOVE = YES;
				CLANG_WARN_UNGUARDED_AVAILABILITY = YES_AGGRESSIVE;
				CLANG_WARN_UNREACHABLE_CODE = YES;
				CLANG_WARN__DUPLICATE_METHOD_MATCH = YES;
				CODE_SIGN_IDENTITY = "iPhone Developer";
				COPY_PHASE_STRIP = NO;
				DEBUG_INFORMATION_FORMAT = dwarf;
				ENABLE_STRICT_OBJC_MSGSEND = YES;
				ENABLE_TESTABILITY = YES;
				GCC_C_LANGUAGE_STANDARD = gnu11;
				GCC_DYNAMIC_NO_PIC = NO;
				GCC_NO_COMMON_BLOCKS = YES;
				GCC_OPTIMIZATION_LEVEL = 0;
				GCC_PREPROCESSOR_DEFINITIONS = (
					"DEBUG=1",
					"$(inherited)",
				);
				GCC_WARN_64_TO_32_BIT_CONVERSION = YES;
				GCC_WARN_ABOUT_RETURN_TYPE = YES_ERROR;
				GCC_WARN_UNDECLARED_SELECTOR = YES;
				GCC_WARN_UNINITIALIZED_AUTOS = YES_AGGRESSIVE;
				GCC_WARN_UNUSED_FUNCTION = YES;
				GCC_WARN_UNUSED_VARIABLE = YES;
				IPHONEOS_DEPLOYMENT_TARGET = 11.3;
				MTL_ENABLE_DEBUG_INFO = YES;
				ONLY_ACTIVE_ARCH = YES;
				SDKROOT = iphoneos;
				SWIFT_ACTIVE_COMPILATION_CONDITIONS = DEBUG;
				SWIFT_OPTIMIZATION_LEVEL = "-Onone";
			};
			name = Debug;
		};
		60D31EE120BAF60F00DD9E2D /* Release */ = {
			isa = XCBuildConfiguration;
			buildSettings = {
				ALWAYS_SEARCH_USER_PATHS = NO;
				CLANG_ANALYZER_NONNULL = YES;
				CLANG_ANALYZER_NUMBER_OBJECT_CONVERSION = YES_AGGRESSIVE;
				CLANG_CXX_LANGUAGE_STANDARD = "gnu++14";
				CLANG_CXX_LIBRARY = "libc++";
				CLANG_ENABLE_MODULES = YES;
				CLANG_ENABLE_OBJC_ARC = YES;
				CLANG_ENABLE_OBJC_WEAK = YES;
				CLANG_WARN_BLOCK_CAPTURE_AUTORELEASING = YES;
				CLANG_WARN_BOOL_CONVERSION = YES;
				CLANG_WARN_COMMA = YES;
				CLANG_WARN_CONSTANT_CONVERSION = YES;
				CLANG_WARN_DEPRECATED_OBJC_IMPLEMENTATIONS = YES;
				CLANG_WARN_DIRECT_OBJC_ISA_USAGE = YES_ERROR;
				CLANG_WARN_DOCUMENTATION_COMMENTS = YES;
				CLANG_WARN_EMPTY_BODY = YES;
				CLANG_WARN_ENUM_CONVERSION = YES;
				CLANG_WARN_INFINITE_RECURSION = YES;
				CLANG_WARN_INT_CONVERSION = YES;
				CLANG_WARN_NON_LITERAL_NULL_CONVERSION = YES;
				CLANG_WARN_OBJC_IMPLICIT_RETAIN_SELF = YES;
				CLANG_WARN_OBJC_LITERAL_CONVERSION = YES;
				CLANG_WARN_OBJC_ROOT_CLASS = YES_ERROR;
				CLANG_WARN_RANGE_LOOP_ANALYSIS = YES;
				CLANG_WARN_STRICT_PROTOTYPES = YES;
				CLANG_WARN_SUSPICIOUS_MOVE = YES;
				CLANG_WARN_UNGUARDED_AVAILABILITY = YES_AGGRESSIVE;
				CLANG_WARN_UNREACHABLE_CODE = YES;
				CLANG_WARN__DUPLICATE_METHOD_MATCH = YES;
				CODE_SIGN_IDENTITY = "iPhone Developer";
				COPY_PHASE_STRIP = NO;
				DEBUG_INFORMATION_FORMAT = "dwarf-with-dsym";
				ENABLE_NS_ASSERTIONS = NO;
				ENABLE_STRICT_OBJC_MSGSEND = YES;
				GCC_C_LANGUAGE_STANDARD = gnu11;
				GCC_NO_COMMON_BLOCKS = YES;
				GCC_WARN_64_TO_32_BIT_CONVERSION = YES;
				GCC_WARN_ABOUT_RETURN_TYPE = YES_ERROR;
				GCC_WARN_UNDECLARED_SELECTOR = YES;
				GCC_WARN_UNINITIALIZED_AUTOS = YES_AGGRESSIVE;
				GCC_WARN_UNUSED_FUNCTION = YES;
				GCC_WARN_UNUSED_VARIABLE = YES;
				IPHONEOS_DEPLOYMENT_TARGET = 11.3;
				MTL_ENABLE_DEBUG_INFO = NO;
				SDKROOT = iphoneos;
				SWIFT_COMPILATION_MODE = wholemodule;
				SWIFT_OPTIMIZATION_LEVEL = "-O";
				VALIDATE_PRODUCT = YES;
			};
			name = Release;
		};
		60D31EE320BAF60F00DD9E2D /* Debug */ = {
			isa = XCBuildConfiguration;
			baseConfigurationReference = 678C1E531F8C43A2CB5E0F77 /* Pods-ExpandCollectionHeaderViewAnimationSample.debug.xcconfig */;
			buildSettings = {
				ASSETCATALOG_COMPILER_APPICON_NAME = AppIcon;
				CODE_SIGN_STYLE = Automatic;
				DEVELOPMENT_TEAM = 46KGHHF73Q;
				INFOPLIST_FILE = ExpandCollectionHeaderViewAnimationSample/Info.plist;
				LD_RUNPATH_SEARCH_PATHS = (
					"$(inherited)",
					"@executable_path/Frameworks",
				);
				PRODUCT_BUNDLE_IDENTIFIER = tokijh.com.ExpandCollectionHeaderViewAnimationSample;
				PRODUCT_NAME = "$(TARGET_NAME)";
				SWIFT_VERSION = 4.0;
				TARGETED_DEVICE_FAMILY = "1,2";
			};
			name = Debug;
		};
		60D31EE420BAF60F00DD9E2D /* Release */ = {
			isa = XCBuildConfiguration;
			baseConfigurationReference = DDC65360E2AD520D4ED2BEBA /* Pods-ExpandCollectionHeaderViewAnimationSample.release.xcconfig */;
			buildSettings = {
				ASSETCATALOG_COMPILER_APPICON_NAME = AppIcon;
				CODE_SIGN_STYLE = Automatic;
				DEVELOPMENT_TEAM = 46KGHHF73Q;
				INFOPLIST_FILE = ExpandCollectionHeaderViewAnimationSample/Info.plist;
				LD_RUNPATH_SEARCH_PATHS = (
					"$(inherited)",
					"@executable_path/Frameworks",
				);
				PRODUCT_BUNDLE_IDENTIFIER = tokijh.com.ExpandCollectionHeaderViewAnimationSample;
				PRODUCT_NAME = "$(TARGET_NAME)";
				SWIFT_VERSION = 4.0;
				TARGETED_DEVICE_FAMILY = "1,2";
			};
			name = Release;
		};
/* End XCBuildConfiguration section */

/* Begin XCConfigurationList section */
		60D31ECB20BAF60E00DD9E2D /* Build configuration list for PBXProject "ExpandCollectionHeaderViewAnimationSample" */ = {
			isa = XCConfigurationList;
			buildConfigurations = (
				60D31EE020BAF60F00DD9E2D /* Debug */,
				60D31EE120BAF60F00DD9E2D /* Release */,
			);
			defaultConfigurationIsVisible = 0;
			defaultConfigurationName = Release;
		};
		60D31EE220BAF60F00DD9E2D /* Build configuration list for PBXNativeTarget "ExpandCollectionHeaderViewAnimationSample" */ = {
			isa = XCConfigurationList;
			buildConfigurations = (
				60D31EE320BAF60F00DD9E2D /* Debug */,
				60D31EE420BAF60F00DD9E2D /* Release */,
			);
			defaultConfigurationIsVisible = 0;
			defaultConfigurationName = Release;
		};
/* End XCConfigurationList section */
	};
	rootObject = 60D31EC820BAF60E00DD9E2D /* Project object */;
}
